
Microsoft Visual Studio Solution File, Format Version 12.00
# Visual Studio Version 16
VisualStudioVersion = 16.0.29318.209
MinimumVisualStudioVersion = 10.0.40219.1
Project("{FAE04EC0-301F-11D3-BF4B-00C04F79EFBC}") = "Model", "Model\Model.csproj", "{EA670DD1-6C67-4173-A58C-8F907FDCFF36}"
EndProject
Project("{2150E333-8FDC-42A3-9474-1A3956D46DE8}") = "Scripts", "Scripts", "{A5F631D6-76F6-4340-B46F-6A88831641A8}"
EndProject
Project("{2150E333-8FDC-42A3-9474-1A3956D46DE8}") = "CRUD", "CRUD", "{96C39C79-034F-4636-9EB6-B567C652621C}"
EndProject
Project("{FAE04EC0-301F-11D3-BF4B-00C04F79EFBC}") = "ViewModel", "ViewModel\ViewModel.csproj", "{DC7F9C41-4179-4AF2-8784-C1356DC3F5A5}"
EndProject
Project("{FAE04EC0-301F-11D3-BF4B-00C04F79EFBC}") = "View", "View\View.csproj", "{5143197E-A80C-4DFF-AE37-DF5F54196A8B}"
EndProject
Global
	GlobalSection(SolutionConfigurationPlatforms) = preSolution
		Debug|Any CPU = Debug|Any CPU
		Release|Any CPU = Release|Any CPU
	EndGlobalSection
	GlobalSection(ProjectConfigurationPlatforms) = postSolution
		{EA670DD1-6C67-4173-A58C-8F907FDCFF36}.Debug|Any CPU.ActiveCfg = Debug|Any CPU
		{EA670DD1-6C67-4173-A58C-8F907FDCFF36}.Debug|Any CPU.Build.0 = Debug|Any CPU
		{EA670DD1-6C67-4173-A58C-8F907FDCFF36}.Release|Any CPU.ActiveCfg = Release|Any CPU
		{EA670DD1-6C67-4173-A58C-8F907FDCFF36}.Release|Any CPU.Build.0 = Release|Any CPU
		{DC7F9C41-4179-4AF2-8784-C1356DC3F5A5}.Debug|Any CPU.ActiveCfg = Debug|Any CPU
		{DC7F9C41-4179-4AF2-8784-C1356DC3F5A5}.Debug|Any CPU.Build.0 = Debug|Any CPU
		{DC7F9C41-4179-4AF2-8784-C1356DC3F5A5}.Release|Any CPU.ActiveCfg = Release|Any CPU
		{DC7F9C41-4179-4AF2-8784-C1356DC3F5A5}.Release|Any CPU.Build.0 = Release|Any CPU
		{5143197E-A80C-4DFF-AE37-DF5F54196A8B}.Debug|Any CPU.ActiveCfg = Debug|Any CPU
		{5143197E-A80C-4DFF-AE37-DF5F54196A8B}.Debug|Any CPU.Build.0 = Debug|Any CPU
		{5143197E-A80C-4DFF-AE37-DF5F54196A8B}.Release|Any CPU.ActiveCfg = Release|Any CPU
		{5143197E-A80C-4DFF-AE37-DF5F54196A8B}.Release|Any CPU.Build.0 = Release|Any CPU
	EndGlobalSection
	GlobalSection(SolutionProperties) = preSolution
		HideSolutionNode = FALSE
	EndGlobalSection
	GlobalSection(NestedProjects) = preSolution
		{96C39C79-034F-4636-9EB6-B567C652621C} = {A5F631D6-76F6-4340-B46F-6A88831641A8}
	EndGlobalSection
	GlobalSection(ExtensibilityGlobals) = postSolution
		SolutionGuid = {5EE157C7-8AEB-4932-8760-B5ED3AEE687E}
	EndGlobalSection
EndGlobal
